
Microsoft Visual Studio Solution File, Format Version 12.00
# Visual Studio Version 17
VisualStudioVersion = 17.0.31912.275
MinimumVisualStudioVersion = 10.0.40219.1
Project("{FAE04EC0-301F-11D3-BF4B-00C04F79EFBC}") = "WebApiAutores", "WebApiAutores\WebApiAutores.csproj", "{3626F9CE-99B4-4992-A2F7-011F380B9BC7}"
EndProject
Global
	GlobalSection(SolutionConfigurationPlatforms) = preSolution
		Debug|Any CPU = Debug|Any CPU
		Release|Any CPU = Release|Any CPU
	EndGlobalSection
	GlobalSection(ProjectConfigurationPlatforms) = postSolution
		{3626F9CE-99B4-4992-A2F7-011F380B9BC7}.Debug|Any CPU.ActiveCfg = Debug|Any CPU
		{3626F9CE-99B4-4992-A2F7-011F380B9BC7}.Debug|Any CPU.Build.0 = Debug|Any CPU
		{3626F9CE-99B4-4992-A2F7-011F380B9BC7}.Release|Any CPU.ActiveCfg = Release|Any CPU
		{3626F9CE-99B4-4992-A2F7-011F380B9BC7}.Release|Any CPU.Build.0 = Release|Any CPU
	EndGlobalSection
	GlobalSection(SolutionProperties) = preSolution
		HideSolutionNode = FALSE
	EndGlobalSection
	GlobalSection(ExtensibilityGlobals) = postSolution
		SolutionGuid = {9F2511AC-03E6-4515-9018-3E87A87691DC}
	EndGlobalSection
EndGlobal
